// !$*UTF8*$!
{
	archiveVersion = 1;
	classes = {
	};
	objectVersion = 52;
	objects = {

/* Begin PBXBuildFile section */
		BE572E812400724B00B57246 /* AppDelegate.swift in Sources */ = {isa = PBXBuildFile; fileRef = BE572E802400724B00B57246 /* AppDelegate.swift */; };
		BE572E832400724B00B57246 /* SceneDelegate.swift in Sources */ = {isa = PBXBuildFile; fileRef = BE572E822400724B00B57246 /* SceneDelegate.swift */; };
		BE572E852400724B00B57246 /* ViewController.swift in Sources */ = {isa = PBXBuildFile; fileRef = BE572E842400724B00B57246 /* ViewController.swift */; };
		BE572E8A2400724D00B57246 /* Assets.xcassets in Resources */ = {isa = PBXBuildFile; fileRef = BE572E892400724D00B57246 /* Assets.xcassets */; };
		BE572E8D2400724D00B57246 /* LaunchScreen.storyboard in Resources */ = {isa = PBXBuildFile; fileRef = BE572E8B2400724D00B57246 /* LaunchScreen.storyboard */; };
		BE572EA1240092A200B57246 /* Foursquare_Map_ProjectTests.swift in Sources */ = {isa = PBXBuildFile; fileRef = BE572EA0240092A200B57246 /* Foursquare_Map_ProjectTests.swift */; };
		BE572EAA2400F50000B57246 /* TabBarController.swift in Sources */ = {isa = PBXBuildFile; fileRef = BE572EA92400F50000B57246 /* TabBarController.swift */; };
		BE572EAD2400F67200B57246 /* CollectionsViewController.swift in Sources */ = {isa = PBXBuildFile; fileRef = BE572EAC2400F67200B57246 /* CollectionsViewController.swift */; };
		BE572EAF2400F97A00B57246 /* EmptyView.swift in Sources */ = {isa = PBXBuildFile; fileRef = BE572EAE2400F97A00B57246 /* EmptyView.swift */; };
		BE572EB12400F99400B57246 /* MainView.swift in Sources */ = {isa = PBXBuildFile; fileRef = BE572EB02400F99400B57246 /* MainView.swift */; };
		BE572EB32400F9A700B57246 /* CollectionsView.swift in Sources */ = {isa = PBXBuildFile; fileRef = BE572EB22400F9A700B57246 /* CollectionsView.swift */; };
		BE572EB52400F9F500B57246 /* LocationsCell.swift in Sources */ = {isa = PBXBuildFile; fileRef = BE572EB42400F9F500B57246 /* LocationsCell.swift */; };
		BE572EB72400FA0600B57246 /* CollectionsCell.swift in Sources */ = {isa = PBXBuildFile; fileRef = BE572EB62400FA0600B57246 /* CollectionsCell.swift */; };
		BE572EBA2400FA9A00B57246 /* Venues.swift in Sources */ = {isa = PBXBuildFile; fileRef = BE572EB92400FA9A00B57246 /* Venues.swift */; };
		BE572EBD2400FAE400B57246 /* NetworkHelper in Frameworks */ = {isa = PBXBuildFile; productRef = BE572EBC2400FAE400B57246 /* NetworkHelper */; };
		BE572EC02400FB1200B57246 /* ImageKit in Frameworks */ = {isa = PBXBuildFile; productRef = BE572EBF2400FB1200B57246 /* ImageKit */; };
		BE572EC22400FB8800B57246 /* VenuesAPIClient.swift in Sources */ = {isa = PBXBuildFile; fileRef = BE572EC12400FB8800B57246 /* VenuesAPIClient.swift */; };
		BE572EC52400FC7F00B57246 /* Keys.swift in Sources */ = {isa = PBXBuildFile; fileRef = BE572EC42400FC7F00B57246 /* Keys.swift */; };
/* End PBXBuildFile section */

/* Begin PBXContainerItemProxy section */
		BE572EA3240092A200B57246 /* PBXContainerItemProxy */ = {
			isa = PBXContainerItemProxy;
			containerPortal = BE572E752400724B00B57246 /* Project object */;
			proxyType = 1;
			remoteGlobalIDString = BE572E7C2400724B00B57246;
			remoteInfo = "Foursquare-Map-Project";
		};
/* End PBXContainerItemProxy section */

/* Begin PBXFileReference section */
		BE572E7D2400724B00B57246 /* Foursquare-Map-Project.app */ = {isa = PBXFileReference; explicitFileType = wrapper.application; includeInIndex = 0; path = "Foursquare-Map-Project.app"; sourceTree = BUILT_PRODUCTS_DIR; };
		BE572E802400724B00B57246 /* AppDelegate.swift */ = {isa = PBXFileReference; lastKnownFileType = sourcecode.swift; path = AppDelegate.swift; sourceTree = "<group>"; };
		BE572E822400724B00B57246 /* SceneDelegate.swift */ = {isa = PBXFileReference; lastKnownFileType = sourcecode.swift; path = SceneDelegate.swift; sourceTree = "<group>"; };
		BE572E842400724B00B57246 /* ViewController.swift */ = {isa = PBXFileReference; lastKnownFileType = sourcecode.swift; path = ViewController.swift; sourceTree = "<group>"; };
		BE572E892400724D00B57246 /* Assets.xcassets */ = {isa = PBXFileReference; lastKnownFileType = folder.assetcatalog; path = Assets.xcassets; sourceTree = "<group>"; };
		BE572E8C2400724D00B57246 /* Base */ = {isa = PBXFileReference; lastKnownFileType = file.storyboard; name = Base; path = Base.lproj/LaunchScreen.storyboard; sourceTree = "<group>"; };
		BE572E8E2400724D00B57246 /* Info.plist */ = {isa = PBXFileReference; lastKnownFileType = text.plist.xml; path = Info.plist; sourceTree = "<group>"; };
		BE572E9E240092A100B57246 /* Foursquare-Map-ProjectTests.xctest */ = {isa = PBXFileReference; explicitFileType = wrapper.cfbundle; includeInIndex = 0; path = "Foursquare-Map-ProjectTests.xctest"; sourceTree = BUILT_PRODUCTS_DIR; };
		BE572EA0240092A200B57246 /* Foursquare_Map_ProjectTests.swift */ = {isa = PBXFileReference; lastKnownFileType = sourcecode.swift; path = Foursquare_Map_ProjectTests.swift; sourceTree = "<group>"; };
		BE572EA2240092A200B57246 /* Info.plist */ = {isa = PBXFileReference; lastKnownFileType = text.plist.xml; path = Info.plist; sourceTree = "<group>"; };
		BE572EA92400F50000B57246 /* TabBarController.swift */ = {isa = PBXFileReference; lastKnownFileType = sourcecode.swift; path = TabBarController.swift; sourceTree = "<group>"; };
		BE572EAC2400F67200B57246 /* CollectionsViewController.swift */ = {isa = PBXFileReference; lastKnownFileType = sourcecode.swift; path = CollectionsViewController.swift; sourceTree = "<group>"; };
		BE572EAE2400F97A00B57246 /* EmptyView.swift */ = {isa = PBXFileReference; lastKnownFileType = sourcecode.swift; path = EmptyView.swift; sourceTree = "<group>"; };
		BE572EB02400F99400B57246 /* MainView.swift */ = {isa = PBXFileReference; lastKnownFileType = sourcecode.swift; path = MainView.swift; sourceTree = "<group>"; };
		BE572EB22400F9A700B57246 /* CollectionsView.swift */ = {isa = PBXFileReference; lastKnownFileType = sourcecode.swift; path = CollectionsView.swift; sourceTree = "<group>"; };
		BE572EB42400F9F500B57246 /* LocationsCell.swift */ = {isa = PBXFileReference; lastKnownFileType = sourcecode.swift; path = LocationsCell.swift; sourceTree = "<group>"; };
		BE572EB62400FA0600B57246 /* CollectionsCell.swift */ = {isa = PBXFileReference; lastKnownFileType = sourcecode.swift; path = CollectionsCell.swift; sourceTree = "<group>"; };
		BE572EB92400FA9A00B57246 /* Venues.swift */ = {isa = PBXFileReference; lastKnownFileType = sourcecode.swift; path = Venues.swift; sourceTree = "<group>"; };
		BE572EC12400FB8800B57246 /* VenuesAPIClient.swift */ = {isa = PBXFileReference; lastKnownFileType = sourcecode.swift; path = VenuesAPIClient.swift; sourceTree = "<group>"; };
		BE572EC42400FC7F00B57246 /* Keys.swift */ = {isa = PBXFileReference; lastKnownFileType = sourcecode.swift; path = Keys.swift; sourceTree = "<group>"; };
/* End PBXFileReference section */

/* Begin PBXFrameworksBuildPhase section */
		BE572E7A2400724B00B57246 /* Frameworks */ = {
			isa = PBXFrameworksBuildPhase;
			buildActionMask = 2147483647;
			files = (
				BE572EBD2400FAE400B57246 /* NetworkHelper in Frameworks */,
				BE572EC02400FB1200B57246 /* ImageKit in Frameworks */,
			);
			runOnlyForDeploymentPostprocessing = 0;
		};
		BE572E9B240092A100B57246 /* Frameworks */ = {
			isa = PBXFrameworksBuildPhase;
			buildActionMask = 2147483647;
			files = (
			);
			runOnlyForDeploymentPostprocessing = 0;
		};
/* End PBXFrameworksBuildPhase section */

/* Begin PBXGroup section */
		BE572E742400724B00B57246 = {
			isa = PBXGroup;
			children = (
				BE572E7F2400724B00B57246 /* Foursquare-Map-Project */,
				BE572E9F240092A200B57246 /* Foursquare-Map-ProjectTests */,
				BE572E7E2400724B00B57246 /* Products */,
			);
			sourceTree = "<group>";
		};
		BE572E7E2400724B00B57246 /* Products */ = {
			isa = PBXGroup;
			children = (
				BE572E7D2400724B00B57246 /* Foursquare-Map-Project.app */,
				BE572E9E240092A100B57246 /* Foursquare-Map-ProjectTests.xctest */,
			);
			name = Products;
			sourceTree = "<group>";
		};
		BE572E7F2400724B00B57246 /* Foursquare-Map-Project */ = {
			isa = PBXGroup;
			children = (
				BE572EC32400FC5800B57246 /* Secrets */,
				BE572EAB2400F52400B57246 /* Cells */,
				BE572EA8240092DB00B57246 /* Supporting Files */,
				BE572E972400914A00B57246 /* Models */,
				BE572E962400913E00B57246 /* Views */,
				BE572E952400913500B57246 /* Controllers */,
				BE572E942400912500B57246 /* Network Services */,
				BE572E8E2400724D00B57246 /* Info.plist */,
			);
			path = "Foursquare-Map-Project";
			sourceTree = "<group>";
		};
		BE572E942400912500B57246 /* Network Services */ = {
			isa = PBXGroup;
			children = (
				BE572EC12400FB8800B57246 /* VenuesAPIClient.swift */,
			);
			path = "Network Services";
			sourceTree = "<group>";
		};
		BE572E952400913500B57246 /* Controllers */ = {
			isa = PBXGroup;
			children = (
				BE572E842400724B00B57246 /* ViewController.swift */,
				BE572EAC2400F67200B57246 /* CollectionsViewController.swift */,
				BE572EA92400F50000B57246 /* TabBarController.swift */,
			);
			path = Controllers;
			sourceTree = "<group>";
		};
		BE572E962400913E00B57246 /* Views */ = {
			isa = PBXGroup;
			children = (
				BE572EAE2400F97A00B57246 /* EmptyView.swift */,
				BE572EB02400F99400B57246 /* MainView.swift */,
				BE572EB22400F9A700B57246 /* CollectionsView.swift */,
			);
			path = Views;
			sourceTree = "<group>";
		};
		BE572E972400914A00B57246 /* Models */ = {
			isa = PBXGroup;
			children = (
				BE572EB92400FA9A00B57246 /* Venues.swift */,
			);
			path = Models;
			sourceTree = "<group>";
		};
		BE572E9F240092A200B57246 /* Foursquare-Map-ProjectTests */ = {
			isa = PBXGroup;
			children = (
				BE572EA0240092A200B57246 /* Foursquare_Map_ProjectTests.swift */,
				BE572EA2240092A200B57246 /* Info.plist */,
			);
			path = "Foursquare-Map-ProjectTests";
			sourceTree = "<group>";
		};
		BE572EA8240092DB00B57246 /* Supporting Files */ = {
			isa = PBXGroup;
			children = (
				BE572E8B2400724D00B57246 /* LaunchScreen.storyboard */,
				BE572E892400724D00B57246 /* Assets.xcassets */,
				BE572E822400724B00B57246 /* SceneDelegate.swift */,
				BE572E802400724B00B57246 /* AppDelegate.swift */,
			);
			path = "Supporting Files";
			sourceTree = "<group>";
		};
		BE572EAB2400F52400B57246 /* Cells */ = {
			isa = PBXGroup;
			children = (
				BE572EB42400F9F500B57246 /* LocationsCell.swift */,
				BE572EB62400FA0600B57246 /* CollectionsCell.swift */,
			);
			path = Cells;
			sourceTree = "<group>";
		};
		BE572EC32400FC5800B57246 /* Secrets */ = {
			isa = PBXGroup;
			children = (
				BE572EC42400FC7F00B57246 /* Keys.swift */,
			);
			path = Secrets;
			sourceTree = "<group>";
		};
/* End PBXGroup section */

/* Begin PBXNativeTarget section */
		BE572E7C2400724B00B57246 /* Foursquare-Map-Project */ = {
			isa = PBXNativeTarget;
			buildConfigurationList = BE572E912400724D00B57246 /* Build configuration list for PBXNativeTarget "Foursquare-Map-Project" */;
			buildPhases = (
				BE572E792400724B00B57246 /* Sources */,
				BE572E7A2400724B00B57246 /* Frameworks */,
				BE572E7B2400724B00B57246 /* Resources */,
			);
			buildRules = (
			);
			dependencies = (
			);
			name = "Foursquare-Map-Project";
			packageProductDependencies = (
				BE572EBC2400FAE400B57246 /* NetworkHelper */,
				BE572EBF2400FB1200B57246 /* ImageKit */,
			);
			productName = "Foursquare-Map-Project";
			productReference = BE572E7D2400724B00B57246 /* Foursquare-Map-Project.app */;
			productType = "com.apple.product-type.application";
		};
		BE572E9D240092A100B57246 /* Foursquare-Map-ProjectTests */ = {
			isa = PBXNativeTarget;
			buildConfigurationList = BE572EA5240092A200B57246 /* Build configuration list for PBXNativeTarget "Foursquare-Map-ProjectTests" */;
			buildPhases = (
				BE572E9A240092A100B57246 /* Sources */,
				BE572E9B240092A100B57246 /* Frameworks */,
				BE572E9C240092A100B57246 /* Resources */,
			);
			buildRules = (
			);
			dependencies = (
				BE572EA4240092A200B57246 /* PBXTargetDependency */,
			);
			name = "Foursquare-Map-ProjectTests";
			productName = "Foursquare-Map-ProjectTests";
			productReference = BE572E9E240092A100B57246 /* Foursquare-Map-ProjectTests.xctest */;
			productType = "com.apple.product-type.bundle.unit-test";
		};
/* End PBXNativeTarget section */

/* Begin PBXProject section */
		BE572E752400724B00B57246 /* Project object */ = {
			isa = PBXProject;
			attributes = {
				LastSwiftUpdateCheck = 1100;
				LastUpgradeCheck = 1100;
				ORGANIZATIONNAME = "Oscar Victoria Gonzalez ";
				TargetAttributes = {
					BE572E7C2400724B00B57246 = {
						CreatedOnToolsVersion = 11.0;
					};
					BE572E9D240092A100B57246 = {
						CreatedOnToolsVersion = 11.0;
						TestTargetID = BE572E7C2400724B00B57246;
					};
				};
			};
			buildConfigurationList = BE572E782400724B00B57246 /* Build configuration list for PBXProject "Foursquare-Map-Project" */;
			compatibilityVersion = "Xcode 9.3";
			developmentRegion = en;
			hasScannedForEncodings = 0;
			knownRegions = (
				en,
				Base,
			);
			mainGroup = BE572E742400724B00B57246;
			packageReferences = (
				BE572EBB2400FAE400B57246 /* XCRemoteSwiftPackageReference "NetworkHelperSPM" */,
				BE572EBE2400FB1200B57246 /* XCRemoteSwiftPackageReference "ImageKit" */,
			);
			productRefGroup = BE572E7E2400724B00B57246 /* Products */;
			projectDirPath = "";
			projectRoot = "";
			targets = (
				BE572E7C2400724B00B57246 /* Foursquare-Map-Project */,
				BE572E9D240092A100B57246 /* Foursquare-Map-ProjectTests */,
			);
		};
/* End PBXProject section */

/* Begin PBXResourcesBuildPhase section */
		BE572E7B2400724B00B57246 /* Resources */ = {
			isa = PBXResourcesBuildPhase;
			buildActionMask = 2147483647;
			files = (
				BE572E8D2400724D00B57246 /* LaunchScreen.storyboard in Resources */,
				BE572E8A2400724D00B57246 /* Assets.xcassets in Resources */,
			);
			runOnlyForDeploymentPostprocessing = 0;
		};
		BE572E9C240092A100B57246 /* Resources */ = {
			isa = PBXResourcesBuildPhase;
			buildActionMask = 2147483647;
			files = (
			);
			runOnlyForDeploymentPostprocessing = 0;
		};
/* End PBXResourcesBuildPhase section */

/* Begin PBXSourcesBuildPhase section */
		BE572E792400724B00B57246 /* Sources */ = {
			isa = PBXSourcesBuildPhase;
			buildActionMask = 2147483647;
			files = (
				BE572E852400724B00B57246 /* ViewController.swift in Sources */,
				BE572EB12400F99400B57246 /* MainView.swift in Sources */,
				BE572EB32400F9A700B57246 /* CollectionsView.swift in Sources */,
				BE572EB72400FA0600B57246 /* CollectionsCell.swift in Sources */,
				BE572EC52400FC7F00B57246 /* Keys.swift in Sources */,
				BE572EB52400F9F500B57246 /* LocationsCell.swift in Sources */,
				BE572EAA2400F50000B57246 /* TabBarController.swift in Sources */,
				BE572EAD2400F67200B57246 /* CollectionsViewController.swift in Sources */,
				BE572EBA2400FA9A00B57246 /* Venues.swift in Sources */,
				BE572E812400724B00B57246 /* AppDelegate.swift in Sources */,
				BE572EAF2400F97A00B57246 /* EmptyView.swift in Sources */,
				BE572E832400724B00B57246 /* SceneDelegate.swift in Sources */,
				BE572EC22400FB8800B57246 /* VenuesAPIClient.swift in Sources */,
			);
			runOnlyForDeploymentPostprocessing = 0;
		};
		BE572E9A240092A100B57246 /* Sources */ = {
			isa = PBXSourcesBuildPhase;
			buildActionMask = 2147483647;
			files = (
				BE572EA1240092A200B57246 /* Foursquare_Map_ProjectTests.swift in Sources */,
			);
			runOnlyForDeploymentPostprocessing = 0;
		};
/* End PBXSourcesBuildPhase section */

/* Begin PBXTargetDependency section */
		BE572EA4240092A200B57246 /* PBXTargetDependency */ = {
			isa = PBXTargetDependency;
			target = BE572E7C2400724B00B57246 /* Foursquare-Map-Project */;
			targetProxy = BE572EA3240092A200B57246 /* PBXContainerItemProxy */;
		};
/* End PBXTargetDependency section */

/* Begin PBXVariantGroup section */
		BE572E8B2400724D00B57246 /* LaunchScreen.storyboard */ = {
			isa = PBXVariantGroup;
			children = (
				BE572E8C2400724D00B57246 /* Base */,
			);
			name = LaunchScreen.storyboard;
			sourceTree = "<group>";
		};
/* End PBXVariantGroup section */

/* Begin XCBuildConfiguration section */
		BE572E8F2400724D00B57246 /* Debug */ = {
			isa = XCBuildConfiguration;
			buildSettings = {
				ALWAYS_SEARCH_USER_PATHS = NO;
				CLANG_ANALYZER_NONNULL = YES;
				CLANG_ANALYZER_NUMBER_OBJECT_CONVERSION = YES_AGGRESSIVE;
				CLANG_CXX_LANGUAGE_STANDARD = "gnu++14";
				CLANG_CXX_LIBRARY = "libc++";
				CLANG_ENABLE_MODULES = YES;
				CLANG_ENABLE_OBJC_ARC = YES;
				CLANG_ENABLE_OBJC_WEAK = YES;
				CLANG_WARN_BLOCK_CAPTURE_AUTORELEASING = YES;
				CLANG_WARN_BOOL_CONVERSION = YES;
				CLANG_WARN_COMMA = YES;
				CLANG_WARN_CONSTANT_CONVERSION = YES;
				CLANG_WARN_DEPRECATED_OBJC_IMPLEMENTATIONS = YES;
				CLANG_WARN_DIRECT_OBJC_ISA_USAGE = YES_ERROR;
				CLANG_WARN_DOCUMENTATION_COMMENTS = YES;
				CLANG_WARN_EMPTY_BODY = YES;
				CLANG_WARN_ENUM_CONVERSION = YES;
				CLANG_WARN_INFINITE_RECURSION = YES;
				CLANG_WARN_INT_CONVERSION = YES;
				CLANG_WARN_NON_LITERAL_NULL_CONVERSION = YES;
				CLANG_WARN_OBJC_IMPLICIT_RETAIN_SELF = YES;
				CLANG_WARN_OBJC_LITERAL_CONVERSION = YES;
				CLANG_WARN_OBJC_ROOT_CLASS = YES_ERROR;
				CLANG_WARN_RANGE_LOOP_ANALYSIS = YES;
				CLANG_WARN_STRICT_PROTOTYPES = YES;
				CLANG_WARN_SUSPICIOUS_MOVE = YES;
				CLANG_WARN_UNGUARDED_AVAILABILITY = YES_AGGRESSIVE;
				CLANG_WARN_UNREACHABLE_CODE = YES;
				CLANG_WARN__DUPLICATE_METHOD_MATCH = YES;
				COPY_PHASE_STRIP = NO;
				DEBUG_INFORMATION_FORMAT = dwarf;
				ENABLE_STRICT_OBJC_MSGSEND = YES;
				ENABLE_TESTABILITY = YES;
				GCC_C_LANGUAGE_STANDARD = gnu11;
				GCC_DYNAMIC_NO_PIC = NO;
				GCC_NO_COMMON_BLOCKS = YES;
				GCC_OPTIMIZATION_LEVEL = 0;
				GCC_PREPROCESSOR_DEFINITIONS = (
					"DEBUG=1",
					"$(inherited)",
				);
				GCC_WARN_64_TO_32_BIT_CONVERSION = YES;
				GCC_WARN_ABOUT_RETURN_TYPE = YES_ERROR;
				GCC_WARN_UNDECLARED_SELECTOR = YES;
				GCC_WARN_UNINITIALIZED_AUTOS = YES_AGGRESSIVE;
				GCC_WARN_UNUSED_FUNCTION = YES;
				GCC_WARN_UNUSED_VARIABLE = YES;
				IPHONEOS_DEPLOYMENT_TARGET = 13.0;
				MTL_ENABLE_DEBUG_INFO = INCLUDE_SOURCE;
				MTL_FAST_MATH = YES;
				ONLY_ACTIVE_ARCH = YES;
				SDKROOT = iphoneos;
				SWIFT_ACTIVE_COMPILATION_CONDITIONS = DEBUG;
				SWIFT_OPTIMIZATION_LEVEL = "-Onone";
			};
			name = Debug;
		};
		BE572E902400724D00B57246 /* Release */ = {
			isa = XCBuildConfiguration;
			buildSettings = {
				ALWAYS_SEARCH_USER_PATHS = NO;
				CLANG_ANALYZER_NONNULL = YES;
				CLANG_ANALYZER_NUMBER_OBJECT_CONVERSION = YES_AGGRESSIVE;
				CLANG_CXX_LANGUAGE_STANDARD = "gnu++14";
				CLANG_CXX_LIBRARY = "libc++";
				CLANG_ENABLE_MODULES = YES;
				CLANG_ENABLE_OBJC_ARC = YES;
				CLANG_ENABLE_OBJC_WEAK = YES;
				CLANG_WARN_BLOCK_CAPTURE_AUTORELEASING = YES;
				CLANG_WARN_BOOL_CONVERSION = YES;
				CLANG_WARN_COMMA = YES;
				CLANG_WARN_CONSTANT_CONVERSION = YES;
				CLANG_WARN_DEPRECATED_OBJC_IMPLEMENTATIONS = YES;
				CLANG_WARN_DIRECT_OBJC_ISA_USAGE = YES_ERROR;
				CLANG_WARN_DOCUMENTATION_COMMENTS = YES;
				CLANG_WARN_EMPTY_BODY = YES;
				CLANG_WARN_ENUM_CONVERSION = YES;
				CLANG_WARN_INFINITE_RECURSION = YES;
				CLANG_WARN_INT_CONVERSION = YES;
				CLANG_WARN_NON_LITERAL_NULL_CONVERSION = YES;
				CLANG_WARN_OBJC_IMPLICIT_RETAIN_SELF = YES;
				CLANG_WARN_OBJC_LITERAL_CONVERSION = YES;
				CLANG_WARN_OBJC_ROOT_CLASS = YES_ERROR;
				CLANG_WARN_RANGE_LOOP_ANALYSIS = YES;
				CLANG_WARN_STRICT_PROTOTYPES = YES;
				CLANG_WARN_SUSPICIOUS_MOVE = YES;
				CLANG_WARN_UNGUARDED_AVAILABILITY = YES_AGGRESSIVE;
				CLANG_WARN_UNREACHABLE_CODE = YES;
				CLANG_WARN__DUPLICATE_METHOD_MATCH = YES;
				COPY_PHASE_STRIP = NO;
				DEBUG_INFORMATION_FORMAT = "dwarf-with-dsym";
				ENABLE_NS_ASSERTIONS = NO;
				ENABLE_STRICT_OBJC_MSGSEND = YES;
				GCC_C_LANGUAGE_STANDARD = gnu11;
				GCC_NO_COMMON_BLOCKS = YES;
				GCC_WARN_64_TO_32_BIT_CONVERSION = YES;
				GCC_WARN_ABOUT_RETURN_TYPE = YES_ERROR;
				GCC_WARN_UNDECLARED_SELECTOR = YES;
				GCC_WARN_UNINITIALIZED_AUTOS = YES_AGGRESSIVE;
				GCC_WARN_UNUSED_FUNCTION = YES;
				GCC_WARN_UNUSED_VARIABLE = YES;
				IPHONEOS_DEPLOYMENT_TARGET = 13.0;
				MTL_ENABLE_DEBUG_INFO = NO;
				MTL_FAST_MATH = YES;
				SDKROOT = iphoneos;
				SWIFT_COMPILATION_MODE = wholemodule;
				SWIFT_OPTIMIZATION_LEVEL = "-O";
				VALIDATE_PRODUCT = YES;
			};
			name = Release;
		};
		BE572E922400724D00B57246 /* Debug */ = {
			isa = XCBuildConfiguration;
			buildSettings = {
				ASSETCATALOG_COMPILER_APPICON_NAME = AppIcon;
				CODE_SIGN_STYLE = Automatic;
				DEVELOPMENT_TEAM = S55722VFBC;
				INFOPLIST_FILE = "Foursquare-Map-Project/Info.plist";
				LD_RUNPATH_SEARCH_PATHS = (
					"$(inherited)",
					"@executable_path/Frameworks",
				);
				PRODUCT_BUNDLE_IDENTIFIER = "oscarvictoria.Foursquare-Map-Project";
				PRODUCT_NAME = "$(TARGET_NAME)";
				SWIFT_VERSION = 5.0;
				TARGETED_DEVICE_FAMILY = "1,2";
			};
			name = Debug;
		};
		BE572E932400724D00B57246 /* Release */ = {
			isa = XCBuildConfiguration;
			buildSettings = {
				ASSETCATALOG_COMPILER_APPICON_NAME = AppIcon;
				CODE_SIGN_STYLE = Automatic;
				DEVELOPMENT_TEAM = S55722VFBC;
				INFOPLIST_FILE = "Foursquare-Map-Project/Info.plist";
				LD_RUNPATH_SEARCH_PATHS = (
					"$(inherited)",
					"@executable_path/Frameworks",
				);
				PRODUCT_BUNDLE_IDENTIFIER = "oscarvictoria.Foursquare-Map-Project";
				PRODUCT_NAME = "$(TARGET_NAME)";
				SWIFT_VERSION = 5.0;
				TARGETED_DEVICE_FAMILY = "1,2";
			};
			name = Release;
		};
		BE572EA6240092A200B57246 /* Debug */ = {
			isa = XCBuildConfiguration;
			buildSettings = {
				BUNDLE_LOADER = "$(TEST_HOST)";
				CODE_SIGN_STYLE = Automatic;
				DEVELOPMENT_TEAM = S55722VFBC;
				INFOPLIST_FILE = "Foursquare-Map-ProjectTests/Info.plist";
				LD_RUNPATH_SEARCH_PATHS = (
					"$(inherited)",
					"@executable_path/Frameworks",
					"@loader_path/Frameworks",
				);
				PRODUCT_BUNDLE_IDENTIFIER = "oscarvictoria.Foursquare-Map-ProjectTests";
				PRODUCT_NAME = "$(TARGET_NAME)";
				SWIFT_VERSION = 5.0;
				TARGETED_DEVICE_FAMILY = "1,2";
				TEST_HOST = "$(BUILT_PRODUCTS_DIR)/Foursquare-Map-Project.app/Foursquare-Map-Project";
			};
			name = Debug;
		};
		BE572EA7240092A200B57246 /* Release */ = {
			isa = XCBuildConfiguration;
			buildSettings = {
				BUNDLE_LOADER = "$(TEST_HOST)";
				CODE_SIGN_STYLE = Automatic;
				DEVELOPMENT_TEAM = S55722VFBC;
				INFOPLIST_FILE = "Foursquare-Map-ProjectTests/Info.plist";
				LD_RUNPATH_SEARCH_PATHS = (
					"$(inherited)",
					"@executable_path/Frameworks",
					"@loader_path/Frameworks",
				);
				PRODUCT_BUNDLE_IDENTIFIER = "oscarvictoria.Foursquare-Map-ProjectTests";
				PRODUCT_NAME = "$(TARGET_NAME)";
				SWIFT_VERSION = 5.0;
				TARGETED_DEVICE_FAMILY = "1,2";
				TEST_HOST = "$(BUILT_PRODUCTS_DIR)/Foursquare-Map-Project.app/Foursquare-Map-Project";
			};
			name = Release;
		};
/* End XCBuildConfiguration section */

/* Begin XCConfigurationList section */
		BE572E782400724B00B57246 /* Build configuration list for PBXProject "Foursquare-Map-Project" */ = {
			isa = XCConfigurationList;
			buildConfigurations = (
				BE572E8F2400724D00B57246 /* Debug */,
				BE572E902400724D00B57246 /* Release */,
			);
			defaultConfigurationIsVisible = 0;
			defaultConfigurationName = Release;
		};
		BE572E912400724D00B57246 /* Build configuration list for PBXNativeTarget "Foursquare-Map-Project" */ = {
			isa = XCConfigurationList;
			buildConfigurations = (
				BE572E922400724D00B57246 /* Debug */,
				BE572E932400724D00B57246 /* Release */,
			);
			defaultConfigurationIsVisible = 0;
			defaultConfigurationName = Release;
		};
		BE572EA5240092A200B57246 /* Build configuration list for PBXNativeTarget "Foursquare-Map-ProjectTests" */ = {
			isa = XCConfigurationList;
			buildConfigurations = (
				BE572EA6240092A200B57246 /* Debug */,
				BE572EA7240092A200B57246 /* Release */,
			);
			defaultConfigurationIsVisible = 0;
			defaultConfigurationName = Release;
		};
/* End XCConfigurationList section */

/* Begin XCRemoteSwiftPackageReference section */
		BE572EBB2400FAE400B57246 /* XCRemoteSwiftPackageReference "NetworkHelperSPM" */ = {
			isa = XCRemoteSwiftPackageReference;
			repositoryURL = "https://github.com/alexpaul/NetworkHelperSPM";
			requirement = {
				kind = upToNextMajorVersion;
				minimumVersion = 1.0.6;
			};
		};
		BE572EBE2400FB1200B57246 /* XCRemoteSwiftPackageReference "ImageKit" */ = {
			isa = XCRemoteSwiftPackageReference;
			repositoryURL = "https://github.com/alexpaul/ImageKit";
			requirement = {
				kind = upToNextMajorVersion;
				minimumVersion = 1.0.4;
			};
		};
/* End XCRemoteSwiftPackageReference section */

/* Begin XCSwiftPackageProductDependency section */
		BE572EBC2400FAE400B57246 /* NetworkHelper */ = {
			isa = XCSwiftPackageProductDependency;
			package = BE572EBB2400FAE400B57246 /* XCRemoteSwiftPackageReference "NetworkHelperSPM" */;
			productName = NetworkHelper;
		};
		BE572EBF2400FB1200B57246 /* ImageKit */ = {
			isa = XCSwiftPackageProductDependency;
			package = BE572EBE2400FB1200B57246 /* XCRemoteSwiftPackageReference "ImageKit" */;
			productName = ImageKit;
		};
/* End XCSwiftPackageProductDependency section */
	};
	rootObject = BE572E752400724B00B57246 /* Project object */;
}
